
Microsoft Visual Studio Solution File, Format Version 12.00
# Visual Studio Version 17
VisualStudioVersion = 17.7.34031.279
MinimumVisualStudioVersion = 10.0.40219.1
Project("{FAE04EC0-301F-11D3-BF4B-00C04F79EFBC}") = "Subscription", "Subscription\Subscription.csproj", "{ECCEFD30-2D55-4DB7-985D-DB9CD102D63E}"
EndProject
Global
	GlobalSection(SolutionConfigurationPlatforms) = preSolution
		Debug|Any CPU = Debug|Any CPU
		Release|Any CPU = Release|Any CPU
	EndGlobalSection
	GlobalSection(ProjectConfigurationPlatforms) = postSolution
		{ECCEFD30-2D55-4DB7-985D-DB9CD102D63E}.Debug|Any CPU.ActiveCfg = Debug|Any CPU
		{ECCEFD30-2D55-4DB7-985D-DB9CD102D63E}.Debug|Any CPU.Build.0 = Debug|Any CPU
		{ECCEFD30-2D55-4DB7-985D-DB9CD102D63E}.Release|Any CPU.ActiveCfg = Release|Any CPU
		{ECCEFD30-2D55-4DB7-985D-DB9CD102D63E}.Release|Any CPU.Build.0 = Release|Any CPU
	EndGlobalSection
	GlobalSection(SolutionProperties) = preSolution
		HideSolutionNode = FALSE
	EndGlobalSection
	GlobalSection(ExtensibilityGlobals) = postSolution
		SolutionGuid = {508AC234-9B5B-4E70-AE2B-188898318DE4}
	EndGlobalSection
EndGlobal
